
Microsoft Visual Studio Solution File, Format Version 12.00
# Visual Studio Version 16
VisualStudioVersion = 16.0.31019.35
MinimumVisualStudioVersion = 10.0.40219.1
Project("{9A19103F-16F7-4668-BE54-9A1E7A4F7556}") = "DataAccess", "DataAccess\DataAccess.csproj", "{51C7518C-DF9A-402F-B166-E4D301740A3D}"
EndProject
Project("{9A19103F-16F7-4668-BE54-9A1E7A4F7556}") = "Business", "Business\Business.csproj", "{94D8E860-602E-44CD-9A17-C1CCB1F51CB5}"
EndProject
Project("{9A19103F-16F7-4668-BE54-9A1E7A4F7556}") = "Entities", "Entities\Entities.csproj", "{6C21405A-62CD-4A27-82EE-DFF3DE863CD7}"
EndProject
Project("{9A19103F-16F7-4668-BE54-9A1E7A4F7556}") = "ConsoleUI", "ConsoleUI\ConsoleUI.csproj", "{72CDCDEF-7370-489C-A595-F455FCA1424A}"
EndProject
Project("{FAE04EC0-301F-11D3-BF4B-00C04F79EFBC}") = "Core", "Core\Core.csproj", "{B941084C-B091-4AC1-9FA7-3344AA3B3FF2}"
EndProject
Global
	GlobalSection(SolutionConfigurationPlatforms) = preSolution
		Debug|Any CPU = Debug|Any CPU
		Release|Any CPU = Release|Any CPU
	EndGlobalSection
	GlobalSection(ProjectConfigurationPlatforms) = postSolution
		{51C7518C-DF9A-402F-B166-E4D301740A3D}.Debug|Any CPU.ActiveCfg = Debug|Any CPU
		{51C7518C-DF9A-402F-B166-E4D301740A3D}.Debug|Any CPU.Build.0 = Debug|Any CPU
		{51C7518C-DF9A-402F-B166-E4D301740A3D}.Release|Any CPU.ActiveCfg = Release|Any CPU
		{51C7518C-DF9A-402F-B166-E4D301740A3D}.Release|Any CPU.Build.0 = Release|Any CPU
		{94D8E860-602E-44CD-9A17-C1CCB1F51CB5}.Debug|Any CPU.ActiveCfg = Debug|Any CPU
		{94D8E860-602E-44CD-9A17-C1CCB1F51CB5}.Debug|Any CPU.Build.0 = Debug|Any CPU
		{94D8E860-602E-44CD-9A17-C1CCB1F51CB5}.Release|Any CPU.ActiveCfg = Release|Any CPU
		{94D8E860-602E-44CD-9A17-C1CCB1F51CB5}.Release|Any CPU.Build.0 = Release|Any CPU
		{6C21405A-62CD-4A27-82EE-DFF3DE863CD7}.Debug|Any CPU.ActiveCfg = Debug|Any CPU
		{6C21405A-62CD-4A27-82EE-DFF3DE863CD7}.Debug|Any CPU.Build.0 = Debug|Any CPU
		{6C21405A-62CD-4A27-82EE-DFF3DE863CD7}.Release|Any CPU.ActiveCfg = Release|Any CPU
		{6C21405A-62CD-4A27-82EE-DFF3DE863CD7}.Release|Any CPU.Build.0 = Release|Any CPU
		{72CDCDEF-7370-489C-A595-F455FCA1424A}.Debug|Any CPU.ActiveCfg = Debug|Any CPU
		{72CDCDEF-7370-489C-A595-F455FCA1424A}.Debug|Any CPU.Build.0 = Debug|Any CPU
		{72CDCDEF-7370-489C-A595-F455FCA1424A}.Release|Any CPU.ActiveCfg = Release|Any CPU
		{72CDCDEF-7370-489C-A595-F455FCA1424A}.Release|Any CPU.Build.0 = Release|Any CPU
		{B941084C-B091-4AC1-9FA7-3344AA3B3FF2}.Debug|Any CPU.ActiveCfg = Debug|Any CPU
		{B941084C-B091-4AC1-9FA7-3344AA3B3FF2}.Debug|Any CPU.Build.0 = Debug|Any CPU
		{B941084C-B091-4AC1-9FA7-3344AA3B3FF2}.Release|Any CPU.ActiveCfg = Release|Any CPU
		{B941084C-B091-4AC1-9FA7-3344AA3B3FF2}.Release|Any CPU.Build.0 = Release|Any CPU
	EndGlobalSection
	GlobalSection(SolutionProperties) = preSolution
		HideSolutionNode = FALSE
	EndGlobalSection
	GlobalSection(ExtensibilityGlobals) = postSolution
		SolutionGuid = {4EE009F8-44C1-41B5-903A-91155FC7E9FD}
	EndGlobalSection
EndGlobal
